
Microsoft Visual Studio Solution File, Format Version 12.00
# Visual Studio 15
VisualStudioVersion = 15.0.27703.2000
MinimumVisualStudioVersion = 10.0.40219.1
Project("{FAE04EC0-301F-11D3-BF4B-00C04F79EFBC}") = "cfyc", "cfyc\cfyc.csproj", "{B1B3EC1E-40DB-4EFE-9BAC-E46A584C9F1A}"
EndProject
Global
	GlobalSection(SolutionConfigurationPlatforms) = preSolution
		Debug|Any CPU = Debug|Any CPU
		Release|Any CPU = Release|Any CPU
	EndGlobalSection
	GlobalSection(ProjectConfigurationPlatforms) = postSolution
		{B1B3EC1E-40DB-4EFE-9BAC-E46A584C9F1A}.Debug|Any CPU.ActiveCfg = Debug|Any CPU
		{B1B3EC1E-40DB-4EFE-9BAC-E46A584C9F1A}.Debug|Any CPU.Build.0 = Debug|Any CPU
		{B1B3EC1E-40DB-4EFE-9BAC-E46A584C9F1A}.Release|Any CPU.ActiveCfg = Release|Any CPU
		{B1B3EC1E-40DB-4EFE-9BAC-E46A584C9F1A}.Release|Any CPU.Build.0 = Release|Any CPU
	EndGlobalSection
	GlobalSection(SolutionProperties) = preSolution
		HideSolutionNode = FALSE
	EndGlobalSection
	GlobalSection(ExtensibilityGlobals) = postSolution
		SolutionGuid = {53931F9E-0655-48F9-ABAB-D23B28483BE9}
	EndGlobalSection
EndGlobal
