
Microsoft Visual Studio Solution File, Format Version 11.00
# Visual Studio 2010
Project("{FAE04EC0-301F-11D3-BF4B-00C04F79EFBC}") = "opc_mes", "opc\opc_mes.csproj", "{0B9281E3-086D-4153-881D-0C2ADCC2E1B5}"
EndProject
Global
	GlobalSection(SolutionConfigurationPlatforms) = preSolution
		Debug|Any CPU = Debug|Any CPU
		Release|Any CPU = Release|Any CPU
	EndGlobalSection
	GlobalSection(ProjectConfigurationPlatforms) = postSolution
		{0B9281E3-086D-4153-881D-0C2ADCC2E1B5}.Debug|Any CPU.ActiveCfg = Debug|Any CPU
		{0B9281E3-086D-4153-881D-0C2ADCC2E1B5}.Debug|Any CPU.Build.0 = Debug|Any CPU
		{0B9281E3-086D-4153-881D-0C2ADCC2E1B5}.Release|Any CPU.ActiveCfg = Release|Any CPU
		{0B9281E3-086D-4153-881D-0C2ADCC2E1B5}.Release|Any CPU.Build.0 = Release|Any CPU
	EndGlobalSection
	GlobalSection(SolutionProperties) = preSolution
		HideSolutionNode = FALSE
	EndGlobalSection
EndGlobal
