
Microsoft Visual Studio Solution File, Format Version 12.00
# Visual Studio Version 16
VisualStudioVersion = 16.0.30011.22
MinimumVisualStudioVersion = 10.0.40219.1
Project("{FAE04EC0-301F-11D3-BF4B-00C04F79EFBC}") = "opcSvr", "opcSvr\opcSvr.csproj", "{9E7A9244-2CD1-4B83-8ABB-B98126293385}"
EndProject
Project("{FAE04EC0-301F-11D3-BF4B-00C04F79EFBC}") = "opcBase", "opcBase\opcBase.csproj", "{1E809071-02C3-491B-A405-D48EBBF16EFF}"
EndProject
Project("{FAE04EC0-301F-11D3-BF4B-00C04F79EFBC}") = "OPCWcf", "OPCWcf\OPCWcf.csproj", "{2C5893B6-E943-4940-8CED-493F62D703C1}"
EndProject
Project("{FAE04EC0-301F-11D3-BF4B-00C04F79EFBC}") = "opc_mes", "opc_mes\opc\opc_mes.csproj", "{0B9281E3-086D-4153-881D-0C2ADCC2E1B5}"
EndProject
Project("{2150E333-8FDC-42A3-9474-1A3956D46DE8}") = "OPC", "OPC", "{59486A93-CACB-4D29-884F-71B90F52F323}"
EndProject
Project("{FAE04EC0-301F-11D3-BF4B-00C04F79EFBC}") = "netcomm", "netcomm\netcomm.csproj", "{6D27B9C9-B095-4A60-B4FB-C5381CF41B66}"
EndProject
Project("{2150E333-8FDC-42A3-9474-1A3956D46DE8}") = "网络通讯Ping", "网络通讯Ping", "{7B27069E-B1AA-45CC-A51B-8F0F10F4D911}"
EndProject
Project("{FAE04EC0-301F-11D3-BF4B-00C04F79EFBC}") = "installService", "windows服务\installService\installService.csproj", "{D3C0BB9A-934C-45E5-8A11-5E6EA887EFC5}"
EndProject
Project("{54435603-DBB4-11D2-8724-00A0C9A8B90C}") = "ms_Setup", "windows服务\ms_Setup\ms_Setup.vdproj", "{B25DEF3E-079E-4267-B9EB-5C9A6E0E061D}"
EndProject
Project("{FAE04EC0-301F-11D3-BF4B-00C04F79EFBC}") = "MyService", "windows服务\MyService\MyService.csproj", "{82E08A07-6B66-477D-A50A-9B8FD038A66F}"
EndProject
Project("{2150E333-8FDC-42A3-9474-1A3956D46DE8}") = "Win服务", "Win服务", "{E291032B-ABA1-4285-B692-C3D78C483678}"
EndProject
Project("{FAE04EC0-301F-11D3-BF4B-00C04F79EFBC}") = "SBGL", "设备管理（去重项）\SBGL\SBGL.csproj", "{514D850E-3856-47E1-8F4D-EA437E03DEBA}"
EndProject
Project("{2150E333-8FDC-42A3-9474-1A3956D46DE8}") = "设备管理小工具", "设备管理小工具", "{4F32FF9D-549C-440C-B462-AC2651A498B8}"
EndProject
Project("{FAE04EC0-301F-11D3-BF4B-00C04F79EFBC}") = "cfyc", "进站成分预测（配置）\cfyc\cfyc.csproj", "{B1B3EC1E-40DB-4EFE-9BAC-E46A584C9F1A}"
EndProject
Project("{2150E333-8FDC-42A3-9474-1A3956D46DE8}") = "精炼炉进站成分预测(属性配置界面)", "精炼炉进站成分预测(属性配置界面)", "{1CCB52CB-DF0B-444A-B85B-5976396BAEDA}"
EndProject
Project("{FAE04EC0-301F-11D3-BF4B-00C04F79EFBC}") = "ejz", "历艳龙PLC小工具\ejz\ejz.csproj", "{A6945EFA-84DA-40AC-9001-9FB4D91CD169}"
EndProject
Project("{2150E333-8FDC-42A3-9474-1A3956D46DE8}") = "历艳龙PLC小工具", "历艳龙PLC小工具", "{01D2C90A-59F8-4151-BC37-1F3078C38032}"
EndProject
Global
	GlobalSection(SolutionConfigurationPlatforms) = preSolution
		Debug|Any CPU = Debug|Any CPU
		Debug|Mixed Platforms = Debug|Mixed Platforms
		Debug|x86 = Debug|x86
		Release|Any CPU = Release|Any CPU
		Release|Mixed Platforms = Release|Mixed Platforms
		Release|x86 = Release|x86
	EndGlobalSection
	GlobalSection(ProjectConfigurationPlatforms) = postSolution
		{9E7A9244-2CD1-4B83-8ABB-B98126293385}.Debug|Any CPU.ActiveCfg = Debug|Any CPU
		{9E7A9244-2CD1-4B83-8ABB-B98126293385}.Debug|Any CPU.Build.0 = Debug|Any CPU
		{9E7A9244-2CD1-4B83-8ABB-B98126293385}.Debug|Mixed Platforms.ActiveCfg = Debug|Any CPU
		{9E7A9244-2CD1-4B83-8ABB-B98126293385}.Debug|Mixed Platforms.Build.0 = Debug|Any CPU
		{9E7A9244-2CD1-4B83-8ABB-B98126293385}.Debug|x86.ActiveCfg = Debug|Any CPU
		{9E7A9244-2CD1-4B83-8ABB-B98126293385}.Release|Any CPU.ActiveCfg = Release|Any CPU
		{9E7A9244-2CD1-4B83-8ABB-B98126293385}.Release|Any CPU.Build.0 = Release|Any CPU
		{9E7A9244-2CD1-4B83-8ABB-B98126293385}.Release|Mixed Platforms.ActiveCfg = Release|Any CPU
		{9E7A9244-2CD1-4B83-8ABB-B98126293385}.Release|Mixed Platforms.Build.0 = Release|Any CPU
		{9E7A9244-2CD1-4B83-8ABB-B98126293385}.Release|x86.ActiveCfg = Release|Any CPU
		{1E809071-02C3-491B-A405-D48EBBF16EFF}.Debug|Any CPU.ActiveCfg = Debug|Any CPU
		{1E809071-02C3-491B-A405-D48EBBF16EFF}.Debug|Any CPU.Build.0 = Debug|Any CPU
		{1E809071-02C3-491B-A405-D48EBBF16EFF}.Debug|Mixed Platforms.ActiveCfg = Debug|Any CPU
		{1E809071-02C3-491B-A405-D48EBBF16EFF}.Debug|Mixed Platforms.Build.0 = Debug|Any CPU
		{1E809071-02C3-491B-A405-D48EBBF16EFF}.Debug|x86.ActiveCfg = Debug|Any CPU
		{1E809071-02C3-491B-A405-D48EBBF16EFF}.Release|Any CPU.ActiveCfg = Release|Any CPU
		{1E809071-02C3-491B-A405-D48EBBF16EFF}.Release|Any CPU.Build.0 = Release|Any CPU
		{1E809071-02C3-491B-A405-D48EBBF16EFF}.Release|Mixed Platforms.ActiveCfg = Release|Any CPU
		{1E809071-02C3-491B-A405-D48EBBF16EFF}.Release|Mixed Platforms.Build.0 = Release|Any CPU
		{1E809071-02C3-491B-A405-D48EBBF16EFF}.Release|x86.ActiveCfg = Release|Any CPU
		{2C5893B6-E943-4940-8CED-493F62D703C1}.Debug|Any CPU.ActiveCfg = Debug|x86
		{2C5893B6-E943-4940-8CED-493F62D703C1}.Debug|Mixed Platforms.ActiveCfg = Debug|x86
		{2C5893B6-E943-4940-8CED-493F62D703C1}.Debug|Mixed Platforms.Build.0 = Debug|x86
		{2C5893B6-E943-4940-8CED-493F62D703C1}.Debug|x86.ActiveCfg = Debug|x86
		{2C5893B6-E943-4940-8CED-493F62D703C1}.Debug|x86.Build.0 = Debug|x86
		{2C5893B6-E943-4940-8CED-493F62D703C1}.Release|Any CPU.ActiveCfg = Release|x86
		{2C5893B6-E943-4940-8CED-493F62D703C1}.Release|Mixed Platforms.ActiveCfg = Release|x86
		{2C5893B6-E943-4940-8CED-493F62D703C1}.Release|Mixed Platforms.Build.0 = Release|x86
		{2C5893B6-E943-4940-8CED-493F62D703C1}.Release|x86.ActiveCfg = Release|x86
		{2C5893B6-E943-4940-8CED-493F62D703C1}.Release|x86.Build.0 = Release|x86
		{0B9281E3-086D-4153-881D-0C2ADCC2E1B5}.Debug|Any CPU.ActiveCfg = Debug|Any CPU
		{0B9281E3-086D-4153-881D-0C2ADCC2E1B5}.Debug|Any CPU.Build.0 = Debug|Any CPU
		{0B9281E3-086D-4153-881D-0C2ADCC2E1B5}.Debug|Mixed Platforms.ActiveCfg = Debug|Any CPU
		{0B9281E3-086D-4153-881D-0C2ADCC2E1B5}.Debug|Mixed Platforms.Build.0 = Debug|Any CPU
		{0B9281E3-086D-4153-881D-0C2ADCC2E1B5}.Debug|x86.ActiveCfg = Debug|Any CPU
		{0B9281E3-086D-4153-881D-0C2ADCC2E1B5}.Release|Any CPU.ActiveCfg = Release|Any CPU
		{0B9281E3-086D-4153-881D-0C2ADCC2E1B5}.Release|Any CPU.Build.0 = Release|Any CPU
		{0B9281E3-086D-4153-881D-0C2ADCC2E1B5}.Release|Mixed Platforms.ActiveCfg = Release|Any CPU
		{0B9281E3-086D-4153-881D-0C2ADCC2E1B5}.Release|Mixed Platforms.Build.0 = Release|Any CPU
		{0B9281E3-086D-4153-881D-0C2ADCC2E1B5}.Release|x86.ActiveCfg = Release|Any CPU
		{6D27B9C9-B095-4A60-B4FB-C5381CF41B66}.Debug|Any CPU.ActiveCfg = Debug|Any CPU
		{6D27B9C9-B095-4A60-B4FB-C5381CF41B66}.Debug|Any CPU.Build.0 = Debug|Any CPU
		{6D27B9C9-B095-4A60-B4FB-C5381CF41B66}.Debug|Mixed Platforms.ActiveCfg = Debug|Any CPU
		{6D27B9C9-B095-4A60-B4FB-C5381CF41B66}.Debug|Mixed Platforms.Build.0 = Debug|Any CPU
		{6D27B9C9-B095-4A60-B4FB-C5381CF41B66}.Debug|x86.ActiveCfg = Debug|Any CPU
		{6D27B9C9-B095-4A60-B4FB-C5381CF41B66}.Debug|x86.Build.0 = Debug|Any CPU
		{6D27B9C9-B095-4A60-B4FB-C5381CF41B66}.Release|Any CPU.ActiveCfg = Release|Any CPU
		{6D27B9C9-B095-4A60-B4FB-C5381CF41B66}.Release|Any CPU.Build.0 = Release|Any CPU
		{6D27B9C9-B095-4A60-B4FB-C5381CF41B66}.Release|Mixed Platforms.ActiveCfg = Release|Any CPU
		{6D27B9C9-B095-4A60-B4FB-C5381CF41B66}.Release|Mixed Platforms.Build.0 = Release|Any CPU
		{6D27B9C9-B095-4A60-B4FB-C5381CF41B66}.Release|x86.ActiveCfg = Release|Any CPU
		{6D27B9C9-B095-4A60-B4FB-C5381CF41B66}.Release|x86.Build.0 = Release|Any CPU
		{D3C0BB9A-934C-45E5-8A11-5E6EA887EFC5}.Debug|Any CPU.ActiveCfg = Debug|Any CPU
		{D3C0BB9A-934C-45E5-8A11-5E6EA887EFC5}.Debug|Any CPU.Build.0 = Debug|Any CPU
		{D3C0BB9A-934C-45E5-8A11-5E6EA887EFC5}.Debug|Mixed Platforms.ActiveCfg = Debug|Any CPU
		{D3C0BB9A-934C-45E5-8A11-5E6EA887EFC5}.Debug|Mixed Platforms.Build.0 = Debug|Any CPU
		{D3C0BB9A-934C-45E5-8A11-5E6EA887EFC5}.Debug|x86.ActiveCfg = Debug|Any CPU
		{D3C0BB9A-934C-45E5-8A11-5E6EA887EFC5}.Debug|x86.Build.0 = Debug|Any CPU
		{D3C0BB9A-934C-45E5-8A11-5E6EA887EFC5}.Release|Any CPU.ActiveCfg = Release|Any CPU
		{D3C0BB9A-934C-45E5-8A11-5E6EA887EFC5}.Release|Any CPU.Build.0 = Release|Any CPU
		{D3C0BB9A-934C-45E5-8A11-5E6EA887EFC5}.Release|Mixed Platforms.ActiveCfg = Release|Any CPU
		{D3C0BB9A-934C-45E5-8A11-5E6EA887EFC5}.Release|Mixed Platforms.Build.0 = Release|Any CPU
		{D3C0BB9A-934C-45E5-8A11-5E6EA887EFC5}.Release|x86.ActiveCfg = Release|Any CPU
		{D3C0BB9A-934C-45E5-8A11-5E6EA887EFC5}.Release|x86.Build.0 = Release|Any CPU
		{B25DEF3E-079E-4267-B9EB-5C9A6E0E061D}.Debug|Any CPU.ActiveCfg = Debug
		{B25DEF3E-079E-4267-B9EB-5C9A6E0E061D}.Debug|Any CPU.Build.0 = Debug
		{B25DEF3E-079E-4267-B9EB-5C9A6E0E061D}.Debug|Mixed Platforms.ActiveCfg = Debug
		{B25DEF3E-079E-4267-B9EB-5C9A6E0E061D}.Debug|Mixed Platforms.Build.0 = Debug
		{B25DEF3E-079E-4267-B9EB-5C9A6E0E061D}.Debug|x86.ActiveCfg = Debug
		{B25DEF3E-079E-4267-B9EB-5C9A6E0E061D}.Debug|x86.Build.0 = Debug
		{B25DEF3E-079E-4267-B9EB-5C9A6E0E061D}.Release|Any CPU.ActiveCfg = Release
		{B25DEF3E-079E-4267-B9EB-5C9A6E0E061D}.Release|Any CPU.Build.0 = Release
		{B25DEF3E-079E-4267-B9EB-5C9A6E0E061D}.Release|Mixed Platforms.ActiveCfg = Release
		{B25DEF3E-079E-4267-B9EB-5C9A6E0E061D}.Release|Mixed Platforms.Build.0 = Release
		{B25DEF3E-079E-4267-B9EB-5C9A6E0E061D}.Release|x86.ActiveCfg = Release
		{B25DEF3E-079E-4267-B9EB-5C9A6E0E061D}.Release|x86.Build.0 = Release
		{82E08A07-6B66-477D-A50A-9B8FD038A66F}.Debug|Any CPU.ActiveCfg = Debug|Any CPU
		{82E08A07-6B66-477D-A50A-9B8FD038A66F}.Debug|Any CPU.Build.0 = Debug|Any CPU
		{82E08A07-6B66-477D-A50A-9B8FD038A66F}.Debug|Mixed Platforms.ActiveCfg = Debug|Any CPU
		{82E08A07-6B66-477D-A50A-9B8FD038A66F}.Debug|Mixed Platforms.Build.0 = Debug|Any CPU
		{82E08A07-6B66-477D-A50A-9B8FD038A66F}.Debug|x86.ActiveCfg = Debug|Any CPU
		{82E08A07-6B66-477D-A50A-9B8FD038A66F}.Debug|x86.Build.0 = Debug|Any CPU
		{82E08A07-6B66-477D-A50A-9B8FD038A66F}.Release|Any CPU.ActiveCfg = Release|Any CPU
		{82E08A07-6B66-477D-A50A-9B8FD038A66F}.Release|Any CPU.Build.0 = Release|Any CPU
		{82E08A07-6B66-477D-A50A-9B8FD038A66F}.Release|Mixed Platforms.ActiveCfg = Release|Any CPU
		{82E08A07-6B66-477D-A50A-9B8FD038A66F}.Release|Mixed Platforms.Build.0 = Release|Any CPU
		{82E08A07-6B66-477D-A50A-9B8FD038A66F}.Release|x86.ActiveCfg = Release|Any CPU
		{82E08A07-6B66-477D-A50A-9B8FD038A66F}.Release|x86.Build.0 = Release|Any CPU
		{514D850E-3856-47E1-8F4D-EA437E03DEBA}.Debug|Any CPU.ActiveCfg = Debug|Any CPU
		{514D850E-3856-47E1-8F4D-EA437E03DEBA}.Debug|Any CPU.Build.0 = Debug|Any CPU
		{514D850E-3856-47E1-8F4D-EA437E03DEBA}.Debug|Mixed Platforms.ActiveCfg = Debug|Any CPU
		{514D850E-3856-47E1-8F4D-EA437E03DEBA}.Debug|Mixed Platforms.Build.0 = Debug|Any CPU
		{514D850E-3856-47E1-8F4D-EA437E03DEBA}.Debug|x86.ActiveCfg = Debug|Any CPU
		{514D850E-3856-47E1-8F4D-EA437E03DEBA}.Debug|x86.Build.0 = Debug|Any CPU
		{514D850E-3856-47E1-8F4D-EA437E03DEBA}.Release|Any CPU.ActiveCfg = Release|Any CPU
		{514D850E-3856-47E1-8F4D-EA437E03DEBA}.Release|Any CPU.Build.0 = Release|Any CPU
		{514D850E-3856-47E1-8F4D-EA437E03DEBA}.Release|Mixed Platforms.ActiveCfg = Release|Any CPU
		{514D850E-3856-47E1-8F4D-EA437E03DEBA}.Release|Mixed Platforms.Build.0 = Release|Any CPU
		{514D850E-3856-47E1-8F4D-EA437E03DEBA}.Release|x86.ActiveCfg = Release|Any CPU
		{514D850E-3856-47E1-8F4D-EA437E03DEBA}.Release|x86.Build.0 = Release|Any CPU
		{B1B3EC1E-40DB-4EFE-9BAC-E46A584C9F1A}.Debug|Any CPU.ActiveCfg = Debug|Any CPU
		{B1B3EC1E-40DB-4EFE-9BAC-E46A584C9F1A}.Debug|Any CPU.Build.0 = Debug|Any CPU
		{B1B3EC1E-40DB-4EFE-9BAC-E46A584C9F1A}.Debug|Mixed Platforms.ActiveCfg = Debug|Any CPU
		{B1B3EC1E-40DB-4EFE-9BAC-E46A584C9F1A}.Debug|Mixed Platforms.Build.0 = Debug|Any CPU
		{B1B3EC1E-40DB-4EFE-9BAC-E46A584C9F1A}.Debug|x86.ActiveCfg = Debug|Any CPU
		{B1B3EC1E-40DB-4EFE-9BAC-E46A584C9F1A}.Debug|x86.Build.0 = Debug|Any CPU
		{B1B3EC1E-40DB-4EFE-9BAC-E46A584C9F1A}.Release|Any CPU.ActiveCfg = Release|Any CPU
		{B1B3EC1E-40DB-4EFE-9BAC-E46A584C9F1A}.Release|Any CPU.Build.0 = Release|Any CPU
		{B1B3EC1E-40DB-4EFE-9BAC-E46A584C9F1A}.Release|Mixed Platforms.ActiveCfg = Release|Any CPU
		{B1B3EC1E-40DB-4EFE-9BAC-E46A584C9F1A}.Release|Mixed Platforms.Build.0 = Release|Any CPU
		{B1B3EC1E-40DB-4EFE-9BAC-E46A584C9F1A}.Release|x86.ActiveCfg = Release|Any CPU
		{B1B3EC1E-40DB-4EFE-9BAC-E46A584C9F1A}.Release|x86.Build.0 = Release|Any CPU
		{A6945EFA-84DA-40AC-9001-9FB4D91CD169}.Debug|Any CPU.ActiveCfg = Debug|Any CPU
		{A6945EFA-84DA-40AC-9001-9FB4D91CD169}.Debug|Any CPU.Build.0 = Debug|Any CPU
		{A6945EFA-84DA-40AC-9001-9FB4D91CD169}.Debug|Mixed Platforms.ActiveCfg = Debug|Any CPU
		{A6945EFA-84DA-40AC-9001-9FB4D91CD169}.Debug|Mixed Platforms.Build.0 = Debug|Any CPU
		{A6945EFA-84DA-40AC-9001-9FB4D91CD169}.Debug|x86.ActiveCfg = Debug|Any CPU
		{A6945EFA-84DA-40AC-9001-9FB4D91CD169}.Debug|x86.Build.0 = Debug|Any CPU
		{A6945EFA-84DA-40AC-9001-9FB4D91CD169}.Release|Any CPU.ActiveCfg = Release|Any CPU
		{A6945EFA-84DA-40AC-9001-9FB4D91CD169}.Release|Any CPU.Build.0 = Release|Any CPU
		{A6945EFA-84DA-40AC-9001-9FB4D91CD169}.Release|Mixed Platforms.ActiveCfg = Release|Any CPU
		{A6945EFA-84DA-40AC-9001-9FB4D91CD169}.Release|Mixed Platforms.Build.0 = Release|Any CPU
		{A6945EFA-84DA-40AC-9001-9FB4D91CD169}.Release|x86.ActiveCfg = Release|Any CPU
		{A6945EFA-84DA-40AC-9001-9FB4D91CD169}.Release|x86.Build.0 = Release|Any CPU
	EndGlobalSection
	GlobalSection(SolutionProperties) = preSolution
		HideSolutionNode = FALSE
	EndGlobalSection
	GlobalSection(NestedProjects) = preSolution
		{9E7A9244-2CD1-4B83-8ABB-B98126293385} = {59486A93-CACB-4D29-884F-71B90F52F323}
		{1E809071-02C3-491B-A405-D48EBBF16EFF} = {59486A93-CACB-4D29-884F-71B90F52F323}
		{2C5893B6-E943-4940-8CED-493F62D703C1} = {59486A93-CACB-4D29-884F-71B90F52F323}
		{0B9281E3-086D-4153-881D-0C2ADCC2E1B5} = {59486A93-CACB-4D29-884F-71B90F52F323}
		{6D27B9C9-B095-4A60-B4FB-C5381CF41B66} = {7B27069E-B1AA-45CC-A51B-8F0F10F4D911}
		{D3C0BB9A-934C-45E5-8A11-5E6EA887EFC5} = {E291032B-ABA1-4285-B692-C3D78C483678}
		{B25DEF3E-079E-4267-B9EB-5C9A6E0E061D} = {E291032B-ABA1-4285-B692-C3D78C483678}
		{82E08A07-6B66-477D-A50A-9B8FD038A66F} = {E291032B-ABA1-4285-B692-C3D78C483678}
		{514D850E-3856-47E1-8F4D-EA437E03DEBA} = {4F32FF9D-549C-440C-B462-AC2651A498B8}
		{B1B3EC1E-40DB-4EFE-9BAC-E46A584C9F1A} = {1CCB52CB-DF0B-444A-B85B-5976396BAEDA}
		{A6945EFA-84DA-40AC-9001-9FB4D91CD169} = {01D2C90A-59F8-4151-BC37-1F3078C38032}
	EndGlobalSection
	GlobalSection(ExtensibilityGlobals) = postSolution
		SolutionGuid = {BE205E7C-1072-4008-8FFB-68CAA25EAB23}
	EndGlobalSection
EndGlobal
